// !$*UTF8*$!
{
	archiveVersion = 1;
	classes = {
	};
	objectVersion = 50;
	objects = {

/* Begin PBXBuildFile section */
		A7D2535723F75C6700D9C0CE /* AppDelegate.swift in Sources */ = {isa = PBXBuildFile; fileRef = A7D2535623F75C6700D9C0CE /* AppDelegate.swift */; };
		A7D2535923F75C6700D9C0CE /* ViewController.swift in Sources */ = {isa = PBXBuildFile; fileRef = A7D2535823F75C6700D9C0CE /* ViewController.swift */; };
		A7D2535C23F75C6700D9C0CE /* Main.storyboard in Resources */ = {isa = PBXBuildFile; fileRef = A7D2535A23F75C6700D9C0CE /* Main.storyboard */; };
		A7D2535E23F75C6800D9C0CE /* Assets.xcassets in Resources */ = {isa = PBXBuildFile; fileRef = A7D2535D23F75C6800D9C0CE /* Assets.xcassets */; };
		A7D2536123F75C6800D9C0CE /* LaunchScreen.storyboard in Resources */ = {isa = PBXBuildFile; fileRef = A7D2535F23F75C6800D9C0CE /* LaunchScreen.storyboard */; };
		A7D2536C23F75C6800D9C0CE /* flexyTests.swift in Sources */ = {isa = PBXBuildFile; fileRef = A7D2536B23F75C6800D9C0CE /* flexyTests.swift */; };
		A7D2537723F75C6800D9C0CE /* flexyUITests.swift in Sources */ = {isa = PBXBuildFile; fileRef = A7D2537623F75C6800D9C0CE /* flexyUITests.swift */; };
/* End PBXBuildFile section */

/* Begin PBXContainerItemProxy section */
		A7D2536823F75C6800D9C0CE /* PBXContainerItemProxy */ = {
			isa = PBXContainerItemProxy;
			containerPortal = A7D2534B23F75C6600D9C0CE /* Project object */;
			proxyType = 1;
			remoteGlobalIDString = A7D2535223F75C6600D9C0CE;
			remoteInfo = flexy;
		};
		A7D2537323F75C6800D9C0CE /* PBXContainerItemProxy */ = {
			isa = PBXContainerItemProxy;
			containerPortal = A7D2534B23F75C6600D9C0CE /* Project object */;
			proxyType = 1;
			remoteGlobalIDString = A7D2535223F75C6600D9C0CE;
			remoteInfo = flexy;
		};
/* End PBXContainerItemProxy section */

/* Begin PBXFileReference section */
		A7D2535323F75C6600D9C0CE /* flexy.app */ = {isa = PBXFileReference; explicitFileType = wrapper.application; includeInIndex = 0; path = flexy.app; sourceTree = BUILT_PRODUCTS_DIR; };
		A7D2535623F75C6700D9C0CE /* AppDelegate.swift */ = {isa = PBXFileReference; lastKnownFileType = sourcecode.swift; path = AppDelegate.swift; sourceTree = "<group>"; };
		A7D2535823F75C6700D9C0CE /* ViewController.swift */ = {isa = PBXFileReference; lastKnownFileType = sourcecode.swift; path = ViewController.swift; sourceTree = "<group>"; };
		A7D2535B23F75C6700D9C0CE /* Base */ = {isa = PBXFileReference; lastKnownFileType = file.storyboard; name = Base; path = Base.lproj/Main.storyboard; sourceTree = "<group>"; };
		A7D2535D23F75C6800D9C0CE /* Assets.xcassets */ = {isa = PBXFileReference; lastKnownFileType = folder.assetcatalog; path = Assets.xcassets; sourceTree = "<group>"; };
		A7D2536023F75C6800D9C0CE /* Base */ = {isa = PBXFileReference; lastKnownFileType = file.storyboard; name = Base; path = Base.lproj/LaunchScreen.storyboard; sourceTree = "<group>"; };
		A7D2536223F75C6800D9C0CE /* Info.plist */ = {isa = PBXFileReference; lastKnownFileType = text.plist.xml; path = Info.plist; sourceTree = "<group>"; };
		A7D2536723F75C6800D9C0CE /* flexyTests.xctest */ = {isa = PBXFileReference; explicitFileType = wrapper.cfbundle; includeInIndex = 0; path = flexyTests.xctest; sourceTree = BUILT_PRODUCTS_DIR; };
		A7D2536B23F75C6800D9C0CE /* flexyTests.swift */ = {isa = PBXFileReference; lastKnownFileType = sourcecode.swift; path = flexyTests.swift; sourceTree = "<group>"; };
		A7D2536D23F75C6800D9C0CE /* Info.plist */ = {isa = PBXFileReference; lastKnownFileType = text.plist.xml; path = Info.plist; sourceTree = "<group>"; };
		A7D2537223F75C6800D9C0CE /* flexyUITests.xctest */ = {isa = PBXFileReference; explicitFileType = wrapper.cfbundle; includeInIndex = 0; path = flexyUITests.xctest; sourceTree = BUILT_PRODUCTS_DIR; };
		A7D2537623F75C6800D9C0CE /* flexyUITests.swift */ = {isa = PBXFileReference; lastKnownFileType = sourcecode.swift; path = flexyUITests.swift; sourceTree = "<group>"; };
		A7D2537823F75C6800D9C0CE /* Info.plist */ = {isa = PBXFileReference; lastKnownFileType = text.plist.xml; path = Info.plist; sourceTree = "<group>"; };
/* End PBXFileReference section */

/* Begin PBXFrameworksBuildPhase section */
		A7D2535023F75C6600D9C0CE /* Frameworks */ = {
			isa = PBXFrameworksBuildPhase;
			buildActionMask = 2147483647;
			files = (
			);
			runOnlyForDeploymentPostprocessing = 0;
		};
		A7D2536423F75C6800D9C0CE /* Frameworks */ = {
			isa = PBXFrameworksBuildPhase;
			buildActionMask = 2147483647;
			files = (
			);
			runOnlyForDeploymentPostprocessing = 0;
		};
		A7D2536F23F75C6800D9C0CE /* Frameworks */ = {
			isa = PBXFrameworksBuildPhase;
			buildActionMask = 2147483647;
			files = (
			);
			runOnlyForDeploymentPostprocessing = 0;
		};
/* End PBXFrameworksBuildPhase section */

/* Begin PBXGroup section */
		A7D2534A23F75C6600D9C0CE = {
			isa = PBXGroup;
			children = (
				A7D2535523F75C6600D9C0CE /* flexy */,
				A7D2536A23F75C6800D9C0CE /* flexyTests */,
				A7D2537523F75C6800D9C0CE /* flexyUITests */,
				A7D2535423F75C6600D9C0CE /* Products */,
			);
			sourceTree = "<group>";
		};
		A7D2535423F75C6600D9C0CE /* Products */ = {
			isa = PBXGroup;
			children = (
				A7D2535323F75C6600D9C0CE /* flexy.app */,
				A7D2536723F75C6800D9C0CE /* flexyTests.xctest */,
				A7D2537223F75C6800D9C0CE /* flexyUITests.xctest */,
			);
			name = Products;
			sourceTree = "<group>";
		};
		A7D2535523F75C6600D9C0CE /* flexy */ = {
			isa = PBXGroup;
			children = (
				A7D2535623F75C6700D9C0CE /* AppDelegate.swift */,
				A7D2535823F75C6700D9C0CE /* ViewController.swift */,
				A7D2535A23F75C6700D9C0CE /* Main.storyboard */,
				A7D2535D23F75C6800D9C0CE /* Assets.xcassets */,
				A7D2535F23F75C6800D9C0CE /* LaunchScreen.storyboard */,
				A7D2536223F75C6800D9C0CE /* Info.plist */,
			);
			path = flexy;
			sourceTree = "<group>";
		};
		A7D2536A23F75C6800D9C0CE /* flexyTests */ = {
			isa = PBXGroup;
			children = (
				A7D2536B23F75C6800D9C0CE /* flexyTests.swift */,
				A7D2536D23F75C6800D9C0CE /* Info.plist */,
			);
			path = flexyTests;
			sourceTree = "<group>";
		};
		A7D2537523F75C6800D9C0CE /* flexyUITests */ = {
			isa = PBXGroup;
			children = (
				A7D2537623F75C6800D9C0CE /* flexyUITests.swift */,
				A7D2537823F75C6800D9C0CE /* Info.plist */,
			);
			path = flexyUITests;
			sourceTree = "<group>";
		};
/* End PBXGroup section */

/* Begin PBXNativeTarget section */
		A7D2535223F75C6600D9C0CE /* flexy */ = {
			isa = PBXNativeTarget;
			buildConfigurationList = A7D2537B23F75C6800D9C0CE /* Build configuration list for PBXNativeTarget "flexy" */;
			buildPhases = (
				A7D2534F23F75C6600D9C0CE /* Sources */,
				A7D2535023F75C6600D9C0CE /* Frameworks */,
				A7D2535123F75C6600D9C0CE /* Resources */,
			);
			buildRules = (
			);
			dependencies = (
			);
			name = flexy;
			productName = flexy;
			productReference = A7D2535323F75C6600D9C0CE /* flexy.app */;
			productType = "com.apple.product-type.application";
		};
		A7D2536623F75C6800D9C0CE /* flexyTests */ = {
			isa = PBXNativeTarget;
			buildConfigurationList = A7D2537E23F75C6800D9C0CE /* Build configuration list for PBXNativeTarget "flexyTests" */;
			buildPhases = (
				A7D2536323F75C6800D9C0CE /* Sources */,
				A7D2536423F75C6800D9C0CE /* Frameworks */,
				A7D2536523F75C6800D9C0CE /* Resources */,
			);
			buildRules = (
			);
			dependencies = (
				A7D2536923F75C6800D9C0CE /* PBXTargetDependency */,
			);
			name = flexyTests;
			productName = flexyTests;
			productReference = A7D2536723F75C6800D9C0CE /* flexyTests.xctest */;
			productType = "com.apple.product-type.bundle.unit-test";
		};
		A7D2537123F75C6800D9C0CE /* flexyUITests */ = {
			isa = PBXNativeTarget;
			buildConfigurationList = A7D2538123F75C6800D9C0CE /* Build configuration list for PBXNativeTarget "flexyUITests" */;
			buildPhases = (
				A7D2536E23F75C6800D9C0CE /* Sources */,
				A7D2536F23F75C6800D9C0CE /* Frameworks */,
				A7D2537023F75C6800D9C0CE /* Resources */,
			);
			buildRules = (
			);
			dependencies = (
				A7D2537423F75C6800D9C0CE /* PBXTargetDependency */,
			);
			name = flexyUITests;
			productName = flexyUITests;
			productReference = A7D2537223F75C6800D9C0CE /* flexyUITests.xctest */;
			productType = "com.apple.product-type.bundle.ui-testing";
		};
/* End PBXNativeTarget section */

/* Begin PBXProject section */
		A7D2534B23F75C6600D9C0CE /* Project object */ = {
			isa = PBXProject;
			attributes = {
				LastSwiftUpdateCheck = 1030;
				LastUpgradeCheck = 1030;
				ORGANIZATIONNAME = kwmin605;
				TargetAttributes = {
					A7D2535223F75C6600D9C0CE = {
						CreatedOnToolsVersion = 10.3;
					};
					A7D2536623F75C6800D9C0CE = {
						CreatedOnToolsVersion = 10.3;
						TestTargetID = A7D2535223F75C6600D9C0CE;
					};
					A7D2537123F75C6800D9C0CE = {
						CreatedOnToolsVersion = 10.3;
						TestTargetID = A7D2535223F75C6600D9C0CE;
					};
				};
			};
			buildConfigurationList = A7D2534E23F75C6600D9C0CE /* Build configuration list for PBXProject "flexy" */;
			compatibilityVersion = "Xcode 9.3";
			developmentRegion = en;
			hasScannedForEncodings = 0;
			knownRegions = (
				en,
				Base,
			);
			mainGroup = A7D2534A23F75C6600D9C0CE;
			productRefGroup = A7D2535423F75C6600D9C0CE /* Products */;
			projectDirPath = "";
			projectRoot = "";
			targets = (
				A7D2535223F75C6600D9C0CE /* flexy */,
				A7D2536623F75C6800D9C0CE /* flexyTests */,
				A7D2537123F75C6800D9C0CE /* flexyUITests */,
			);
		};
/* End PBXProject section */

/* Begin PBXResourcesBuildPhase section */
		A7D2535123F75C6600D9C0CE /* Resources */ = {
			isa = PBXResourcesBuildPhase;
			buildActionMask = 2147483647;
			files = (
				A7D2536123F75C6800D9C0CE /* LaunchScreen.storyboard in Resources */,
				A7D2535E23F75C6800D9C0CE /* Assets.xcassets in Resources */,
				A7D2535C23F75C6700D9C0CE /* Main.storyboard in Resources */,
			);
			runOnlyForDeploymentPostprocessing = 0;
		};
		A7D2536523F75C6800D9C0CE /* Resources */ = {
			isa = PBXResourcesBuildPhase;
			buildActionMask = 2147483647;
			files = (
			);
			runOnlyForDeploymentPostprocessing = 0;
		};
		A7D2537023F75C6800D9C0CE /* Resources */ = {
			isa = PBXResourcesBuildPhase;
			buildActionMask = 2147483647;
			files = (
			);
			runOnlyForDeploymentPostprocessing = 0;
		};
/* End PBXResourcesBuildPhase section */

/* Begin PBXSourcesBuildPhase section */
		A7D2534F23F75C6600D9C0CE /* Sources */ = {
			isa = PBXSourcesBuildPhase;
			buildActionMask = 2147483647;
			files = (
				A7D2535923F75C6700D9C0CE /* ViewController.swift in Sources */,
				A7D2535723F75C6700D9C0CE /* AppDelegate.swift in Sources */,
			);
			runOnlyForDeploymentPostprocessing = 0;
		};
		A7D2536323F75C6800D9C0CE /* Sources */ = {
			isa = PBXSourcesBuildPhase;
			buildActionMask = 2147483647;
			files = (
				A7D2536C23F75C6800D9C0CE /* flexyTests.swift in Sources */,
			);
			runOnlyForDeploymentPostprocessing = 0;
		};
		A7D2536E23F75C6800D9C0CE /* Sources */ = {
			isa = PBXSourcesBuildPhase;
			buildActionMask = 2147483647;
			files = (
				A7D2537723F75C6800D9C0CE /* flexyUITests.swift in Sources */,
			);
			runOnlyForDeploymentPostprocessing = 0;
		};
/* End PBXSourcesBuildPhase section */

/* Begin PBXTargetDependency section */
		A7D2536923F75C6800D9C0CE /* PBXTargetDependency */ = {
			isa = PBXTargetDependency;
			target = A7D2535223F75C6600D9C0CE /* flexy */;
			targetProxy = A7D2536823F75C6800D9C0CE /* PBXContainerItemProxy */;
		};
		A7D2537423F75C6800D9C0CE /* PBXTargetDependency */ = {
			isa = PBXTargetDependency;
			target = A7D2535223F75C6600D9C0CE /* flexy */;
			targetProxy = A7D2537323F75C6800D9C0CE /* PBXContainerItemProxy */;
		};
/* End PBXTargetDependency section */

/* Begin PBXVariantGroup section */
		A7D2535A23F75C6700D9C0CE /* Main.storyboard */ = {
			isa = PBXVariantGroup;
			children = (
				A7D2535B23F75C6700D9C0CE /* Base */,
			);
			name = Main.storyboard;
			sourceTree = "<group>";
		};
		A7D2535F23F75C6800D9C0CE /* LaunchScreen.storyboard */ = {
			isa = PBXVariantGroup;
			children = (
				A7D2536023F75C6800D9C0CE /* Base */,
			);
			name = LaunchScreen.storyboard;
			sourceTree = "<group>";
		};
/* End PBXVariantGroup section */

/* Begin XCBuildConfiguration section */
		A7D2537923F75C6800D9C0CE /* Debug */ = {
			isa = XCBuildConfiguration;
			buildSettings = {
				ALWAYS_SEARCH_USER_PATHS = NO;
				CLANG_ANALYZER_NONNULL = YES;
				CLANG_ANALYZER_NUMBER_OBJECT_CONVERSION = YES_AGGRESSIVE;
				CLANG_CXX_LANGUAGE_STANDARD = "gnu++14";
				CLANG_CXX_LIBRARY = "libc++";
				CLANG_ENABLE_MODULES = YES;
				CLANG_ENABLE_OBJC_ARC = YES;
				CLANG_ENABLE_OBJC_WEAK = YES;
				CLANG_WARN_BLOCK_CAPTURE_AUTORELEASING = YES;
				CLANG_WARN_BOOL_CONVERSION = YES;
				CLANG_WARN_COMMA = YES;
				CLANG_WARN_CONSTANT_CONVERSION = YES;
				CLANG_WARN_DEPRECATED_OBJC_IMPLEMENTATIONS = YES;
				CLANG_WARN_DIRECT_OBJC_ISA_USAGE = YES_ERROR;
				CLANG_WARN_DOCUMENTATION_COMMENTS = YES;
				CLANG_WARN_EMPTY_BODY = YES;
				CLANG_WARN_ENUM_CONVERSION = YES;
				CLANG_WARN_INFINITE_RECURSION = YES;
				CLANG_WARN_INT_CONVERSION = YES;
				CLANG_WARN_NON_LITERAL_NULL_CONVERSION = YES;
				CLANG_WARN_OBJC_IMPLICIT_RETAIN_SELF = YES;
				CLANG_WARN_OBJC_LITERAL_CONVERSION = YES;
				CLANG_WARN_OBJC_ROOT_CLASS = YES_ERROR;
				CLANG_WARN_RANGE_LOOP_ANALYSIS = YES;
				CLANG_WARN_STRICT_PROTOTYPES = YES;
				CLANG_WARN_SUSPICIOUS_MOVE = YES;
				CLANG_WARN_UNGUARDED_AVAILABILITY = YES_AGGRESSIVE;
				CLANG_WARN_UNREACHABLE_CODE = YES;
				CLANG_WARN__DUPLICATE_METHOD_MATCH = YES;
				CODE_SIGN_IDENTITY = "iPhone Developer";
				COPY_PHASE_STRIP = NO;
				DEBUG_INFORMATION_FORMAT = dwarf;
				ENABLE_STRICT_OBJC_MSGSEND = YES;
				ENABLE_TESTABILITY = YES;
				GCC_C_LANGUAGE_STANDARD = gnu11;
				GCC_DYNAMIC_NO_PIC = NO;
				GCC_NO_COMMON_BLOCKS = YES;
				GCC_OPTIMIZATION_LEVEL = 0;
				GCC_PREPROCESSOR_DEFINITIONS = (
					"DEBUG=1",
					"$(inherited)",
				);
				GCC_WARN_64_TO_32_BIT_CONVERSION = YES;
				GCC_WARN_ABOUT_RETURN_TYPE = YES_ERROR;
				GCC_WARN_UNDECLARED_SELECTOR = YES;
				GCC_WARN_UNINITIALIZED_AUTOS = YES_AGGRESSIVE;
				GCC_WARN_UNUSED_FUNCTION = YES;
				GCC_WARN_UNUSED_VARIABLE = YES;
				IPHONEOS_DEPLOYMENT_TARGET = 12.4;
				MTL_ENABLE_DEBUG_INFO = INCLUDE_SOURCE;
				MTL_FAST_MATH = YES;
				ONLY_ACTIVE_ARCH = YES;
				SDKROOT = iphoneos;
				SWIFT_ACTIVE_COMPILATION_CONDITIONS = DEBUG;
				SWIFT_OPTIMIZATION_LEVEL = "-Onone";
			};
			name = Debug;
		};
		A7D2537A23F75C6800D9C0CE /* Release */ = {
			isa = XCBuildConfiguration;
			buildSettings = {
				ALWAYS_SEARCH_USER_PATHS = NO;
				CLANG_ANALYZER_NONNULL = YES;
				CLANG_ANALYZER_NUMBER_OBJECT_CONVERSION = YES_AGGRESSIVE;
				CLANG_CXX_LANGUAGE_STANDARD = "gnu++14";
				CLANG_CXX_LIBRARY = "libc++";
				CLANG_ENABLE_MODULES = YES;
				CLANG_ENABLE_OBJC_ARC = YES;
				CLANG_ENABLE_OBJC_WEAK = YES;
				CLANG_WARN_BLOCK_CAPTURE_AUTORELEASING = YES;
				CLANG_WARN_BOOL_CONVERSION = YES;
				CLANG_WARN_COMMA = YES;
				CLANG_WARN_CONSTANT_CONVERSION = YES;
				CLANG_WARN_DEPRECATED_OBJC_IMPLEMENTATIONS = YES;
				CLANG_WARN_DIRECT_OBJC_ISA_USAGE = YES_ERROR;
				CLANG_WARN_DOCUMENTATION_COMMENTS = YES;
				CLANG_WARN_EMPTY_BODY = YES;
				CLANG_WARN_ENUM_CONVERSION = YES;
				CLANG_WARN_INFINITE_RECURSION = YES;
				CLANG_WARN_INT_CONVERSION = YES;
				CLANG_WARN_NON_LITERAL_NULL_CONVERSION = YES;
				CLANG_WARN_OBJC_IMPLICIT_RETAIN_SELF = YES;
				CLANG_WARN_OBJC_LITERAL_CONVERSION = YES;
				CLANG_WARN_OBJC_ROOT_CLASS = YES_ERROR;
				CLANG_WARN_RANGE_LOOP_ANALYSIS = YES;
				CLANG_WARN_STRICT_PROTOTYPES = YES;
				CLANG_WARN_SUSPICIOUS_MOVE = YES;
				CLANG_WARN_UNGUARDED_AVAILABILITY = YES_AGGRESSIVE;
				CLANG_WARN_UNREACHABLE_CODE = YES;
				CLANG_WARN__DUPLICATE_METHOD_MATCH = YES;
				CODE_SIGN_IDENTITY = "iPhone Developer";
				COPY_PHASE_STRIP = NO;
				DEBUG_INFORMATION_FORMAT = "dwarf-with-dsym";
				ENABLE_NS_ASSERTIONS = NO;
				ENABLE_STRICT_OBJC_MSGSEND = YES;
				GCC_C_LANGUAGE_STANDARD = gnu11;
				GCC_NO_COMMON_BLOCKS = YES;
				GCC_WARN_64_TO_32_BIT_CONVERSION = YES;
				GCC_WARN_ABOUT_RETURN_TYPE = YES_ERROR;
				GCC_WARN_UNDECLARED_SELECTOR = YES;
				GCC_WARN_UNINITIALIZED_AUTOS = YES_AGGRESSIVE;
				GCC_WARN_UNUSED_FUNCTION = YES;
				GCC_WARN_UNUSED_VARIABLE = YES;
				IPHONEOS_DEPLOYMENT_TARGET = 12.4;
				MTL_ENABLE_DEBUG_INFO = NO;
				MTL_FAST_MATH = YES;
				SDKROOT = iphoneos;
				SWIFT_COMPILATION_MODE = wholemodule;
				SWIFT_OPTIMIZATION_LEVEL = "-O";
				VALIDATE_PRODUCT = YES;
			};
			name = Release;
		};
		A7D2537C23F75C6800D9C0CE /* Debug */ = {
			isa = XCBuildConfiguration;
			buildSettings = {
				ASSETCATALOG_COMPILER_APPICON_NAME = AppIcon;
				CODE_SIGN_STYLE = Automatic;
				INFOPLIST_FILE = flexy/Info.plist;
				LD_RUNPATH_SEARCH_PATHS = (
					"$(inherited)",
					"@executable_path/Frameworks",
				);
				PRODUCT_BUNDLE_IDENTIFIER = com.kwmin605.flexy;
				PRODUCT_NAME = "$(TARGET_NAME)";
				SWIFT_VERSION = 5.0;
				TARGETED_DEVICE_FAMILY = "1,2";
			};
			name = Debug;
		};
		A7D2537D23F75C6800D9C0CE /* Release */ = {
			isa = XCBuildConfiguration;
			buildSettings = {
				ASSETCATALOG_COMPILER_APPICON_NAME = AppIcon;
				CODE_SIGN_STYLE = Automatic;
				INFOPLIST_FILE = flexy/Info.plist;
				LD_RUNPATH_SEARCH_PATHS = (
					"$(inherited)",
					"@executable_path/Frameworks",
				);
				PRODUCT_BUNDLE_IDENTIFIER = com.kwmin605.flexy;
				PRODUCT_NAME = "$(TARGET_NAME)";
				SWIFT_VERSION = 5.0;
				TARGETED_DEVICE_FAMILY = "1,2";
			};
			name = Release;
		};
		A7D2537F23F75C6800D9C0CE /* Debug */ = {
			isa = XCBuildConfiguration;
			buildSettings = {
				ALWAYS_EMBED_SWIFT_STANDARD_LIBRARIES = YES;
				BUNDLE_LOADER = "$(TEST_HOST)";
				CODE_SIGN_STYLE = Automatic;
				INFOPLIST_FILE = flexyTests/Info.plist;
				LD_RUNPATH_SEARCH_PATHS = (
					"$(inherited)",
					"@executable_path/Frameworks",
					"@loader_path/Frameworks",
				);
				PRODUCT_BUNDLE_IDENTIFIER = com.kwmin605.flexyTests;
				PRODUCT_NAME = "$(TARGET_NAME)";
				SWIFT_VERSION = 5.0;
				TARGETED_DEVICE_FAMILY = "1,2";
				TEST_HOST = "$(BUILT_PRODUCTS_DIR)/flexy.app/flexy";
			};
			name = Debug;
		};
		A7D2538023F75C6800D9C0CE /* Release */ = {
			isa = XCBuildConfiguration;
			buildSettings = {
				ALWAYS_EMBED_SWIFT_STANDARD_LIBRARIES = YES;
				BUNDLE_LOADER = "$(TEST_HOST)";
				CODE_SIGN_STYLE = Automatic;
				INFOPLIST_FILE = flexyTests/Info.plist;
				LD_RUNPATH_SEARCH_PATHS = (
					"$(inherited)",
					"@executable_path/Frameworks",
					"@loader_path/Frameworks",
				);
				PRODUCT_BUNDLE_IDENTIFIER = com.kwmin605.flexyTests;
				PRODUCT_NAME = "$(TARGET_NAME)";
				SWIFT_VERSION = 5.0;
				TARGETED_DEVICE_FAMILY = "1,2";
				TEST_HOST = "$(BUILT_PRODUCTS_DIR)/flexy.app/flexy";
			};
			name = Release;
		};
		A7D2538223F75C6800D9C0CE /* Debug */ = {
			isa = XCBuildConfiguration;
			buildSettings = {
				ALWAYS_EMBED_SWIFT_STANDARD_LIBRARIES = YES;
				CODE_SIGN_STYLE = Automatic;
				INFOPLIST_FILE = flexyUITests/Info.plist;
				LD_RUNPATH_SEARCH_PATHS = (
					"$(inherited)",
					"@executable_path/Frameworks",
					"@loader_path/Frameworks",
				);
				PRODUCT_BUNDLE_IDENTIFIER = com.kwmin605.flexyUITests;
				PRODUCT_NAME = "$(TARGET_NAME)";
				SWIFT_VERSION = 5.0;
				TARGETED_DEVICE_FAMILY = "1,2";
				TEST_TARGET_NAME = flexy;
			};
			name = Debug;
		};
		A7D2538323F75C6800D9C0CE /* Release */ = {
			isa = XCBuildConfiguration;
			buildSettings = {
				ALWAYS_EMBED_SWIFT_STANDARD_LIBRARIES = YES;
				CODE_SIGN_STYLE = Automatic;
				INFOPLIST_FILE = flexyUITests/Info.plist;
				LD_RUNPATH_SEARCH_PATHS = (
					"$(inherited)",
					"@executable_path/Frameworks",
					"@loader_path/Frameworks",
				);
				PRODUCT_BUNDLE_IDENTIFIER = com.kwmin605.flexyUITests;
				PRODUCT_NAME = "$(TARGET_NAME)";
				SWIFT_VERSION = 5.0;
				TARGETED_DEVICE_FAMILY = "1,2";
				TEST_TARGET_NAME = flexy;
			};
			name = Release;
		};
/* End XCBuildConfiguration section */

/* Begin XCConfigurationList section */
		A7D2534E23F75C6600D9C0CE /* Build configuration list for PBXProject "flexy" */ = {
			isa = XCConfigurationList;
			buildConfigurations = (
				A7D2537923F75C6800D9C0CE /* Debug */,
				A7D2537A23F75C6800D9C0CE /* Release */,
			);
			defaultConfigurationIsVisible = 0;
			defaultConfigurationName = Release;
		};
		A7D2537B23F75C6800D9C0CE /* Build configuration list for PBXNativeTarget "flexy" */ = {
			isa = XCConfigurationList;
			buildConfigurations = (
				A7D2537C23F75C6800D9C0CE /* Debug */,
				A7D2537D23F75C6800D9C0CE /* Release */,
			);
			defaultConfigurationIsVisible = 0;
			defaultConfigurationName = Release;
		};
		A7D2537E23F75C6800D9C0CE /* Build configuration list for PBXNativeTarget "flexyTests" */ = {
			isa = XCConfigurationList;
			buildConfigurations = (
				A7D2537F23F75C6800D9C0CE /* Debug */,
				A7D2538023F75C6800D9C0CE /* Release */,
			);
			defaultConfigurationIsVisible = 0;
			defaultConfigurationName = Release;
		};
		A7D2538123F75C6800D9C0CE /* Build configuration list for PBXNativeTarget "flexyUITests" */ = {
			isa = XCConfigurationList;
			buildConfigurations = (
				A7D2538223F75C6800D9C0CE /* Debug */,
				A7D2538323F75C6800D9C0CE /* Release */,
			);
			defaultConfigurationIsVisible = 0;
			defaultConfigurationName = Release;
		};
/* End XCConfigurationList section */
	};
	rootObject = A7D2534B23F75C6600D9C0CE /* Project object */;
}
